
Microsoft Visual Studio Solution File, Format Version 12.00
# Visual Studio 15
VisualStudioVersion = 15.0.27130.2027
MinimumVisualStudioVersion = 10.0.40219.1
Project("{FAE04EC0-301F-11D3-BF4B-00C04F79EFBC}") = "CoreControllers", "CoreControllers.csproj", "{B0A4E934-3EA6-49BC-8468-0BDB9CEA7B52}"
EndProject
Global
	GlobalSection(SolutionConfigurationPlatforms) = preSolution
		Debug|Any CPU = Debug|Any CPU
		Release|Any CPU = Release|Any CPU
	EndGlobalSection
	GlobalSection(ProjectConfigurationPlatforms) = postSolution
		{B0A4E934-3EA6-49BC-8468-0BDB9CEA7B52}.Debug|Any CPU.ActiveCfg = Debug|Any CPU
		{B0A4E934-3EA6-49BC-8468-0BDB9CEA7B52}.Debug|Any CPU.Build.0 = Debug|Any CPU
		{B0A4E934-3EA6-49BC-8468-0BDB9CEA7B52}.Release|Any CPU.ActiveCfg = Release|Any CPU
		{B0A4E934-3EA6-49BC-8468-0BDB9CEA7B52}.Release|Any CPU.Build.0 = Release|Any CPU
	EndGlobalSection
	GlobalSection(SolutionProperties) = preSolution
		HideSolutionNode = FALSE
	EndGlobalSection
	GlobalSection(ExtensibilityGlobals) = postSolution
		SolutionGuid = {FE999A31-5A28-40B8-B830-C5C058D04E2E}
	EndGlobalSection
EndGlobal
